github.com/DataDog/datadog-go v2.2.0+incompatible/go.mod h1:LButxg5PwREeZtORoXG3tL4fMGNddJ+vMq1mwgfaqoQ=
github.com/armon/go-metrics v0.0.0-20190430140413-ec5e00d3c878/go.mod h1:3AMJUQhVx52RsWOnlkpikZr01T/yAVN2gn0861vByNg=
github.com/beorn7/perks v0.0.0-20180321164747-3a771d992973/go.mod h1:Dwedo/Wpr24TaqPxmxbtue+5NUziq4I4S80YR8gNf3Q=
github.com/cenkalti/backoff v2.1.1+incompatible h1:tKJnvO2kl0zmb/jA5UKAt4VoEVw1qxKWjE/Bpp46npY=
github.com/cenkalti/backoff v2.1.1+incompatible/go.mod h1:90ReRw6GdpyfrHakVjL/QHaoyV4aDUVVkXQJJJ3NXXM=
github.com/circonus-labs/circonus-gometrics v2.3.1+incompatible/go.mod h1:nmEj6Dob7S7YxXgwXpfOuvO54S+tGdZdw9fuRZt25Ag=
github.com/circonus-labs/circonusllhist v0.1.3/go.mod h1:kMXHVDlOchFAehlya5ePtbp5jckzBHf4XRpQvBOLI+I=
github.com/davecgh/go-spew v1.1.0/go.mod h1:J7Y8YcW2NihsgmVo/mv3lAwl/skON4iLHjSsI+c5H38=
github.com/dimfeld/httptreemux v5.0.1+incompatible/go.mod h1:rbUlSV+CCpv/SuqUTP/8Bk2O3LyUV436/yaRGkhP6Z0=
github.com/fatih/color v1.7.0/go.mod h1:Zm6kSWBoL9eyXnKyktHP6abPY2pDugNf5KwzbycvMj4=
github.com/fieldkit/app-protocol v0.0.0-20190423013407-4abafda401d8 h1:w8eNRhPNh2h7vFURedHD3gGOucFvs0FPKq7YPPHVRhE=
github.com/fieldkit/app-protocol v0.0.0-20190423013407-4abafda401d8/go.mod h1:jjIhpGgqXVZNxQS1wo1dfxesz3oi/lQcxqmPQsdJCVA=
github.com/fieldkit/app-protocol v0.0.0-20190730181656-e3c4761c11d0 h1:0GWiBY2fBrTj4t5uMPQ9wSlFxbPKwXzs9fuVrXB9yVc=
github.com/fieldkit/app-protocol v0.0.0-20190730181656-e3c4761c11d0/go.mod h1:66+REnvMubqJ3o4jFTi7J94Qi3qIvyYdFLRJyteaF/s=
github.com/fieldkit/app-protocol v0.0.0-20190812192248-ff7241415b76 h1:EUuqqgFRIei2cx2NRuB8/+jvdP8bvke9Q0CqYmKn4hc=
github.com/fieldkit/app-protocol v0.0.0-20190812192248-ff7241415b76/go.mod h1:66+REnvMubqJ3o4jFTi7J94Qi3qIvyYdFLRJyteaF/s=
github.com/fieldkit/app-protocol v0.0.0-20190812192755-3f0d08525f24 h1:hAqwIhaoqbJDEcV/cI8fuc+GvGlJuxoYEhWguh43WQw=
github.com/fieldkit/app-protocol v0.0.0-20190812192755-3f0d08525f24/go.mod h1:66+REnvMubqJ3o4jFTi7J94Qi3qIvyYdFLRJyteaF/s=
github.com/fieldkit/app-protocol v0.0.0-20190812200137-fa64cab0b06e h1:9COoa0BYQce+ah8bs7RcXXA2F6ZU9xZLM1kXlH/3wwQ=
github.com/fieldkit/app-protocol v0.0.0-20190812200137-fa64cab0b06e/go.mod h1:66+REnvMubqJ3o4jFTi7J94Qi3qIvyYdFLRJyteaF/s=
github.com/fieldkit/app-protocol v0.0.0-20190812202931-264cdeb39268 h1:LmoMvDj+46shOLCjsSkTCT/7OeZSQmIrYyqOr7wiktk=
github.com/fieldkit/app-protocol v0.0.0-20190812202931-264cdeb39268/go.mod h1:66+REnvMubqJ3o4jFTi7J94Qi3qIvyYdFLRJyteaF/s=
github.com/fieldkit/app-protocol v0.0.0-20190813154723-8b9669e4d752 h1:sp6Ru5eeoM0DjCjX+E5557cefsHo12lAT9oiMcbO6Fc=
github.com/fieldkit/app-protocol v0.0.0-20190813154723-8b9669e4d752/go.mod h1:66+REnvMubqJ3o4jFTi7J94Qi3qIvyYdFLRJyteaF/s=
github.com/fieldkit/app-protocol v0.0.0-20190813161138-98896a6b9c67 h1:jG+s8NUX6qKqppnPVJr4lW2czgogYDKhQHBjo8sJJ2Q=
github.com/fieldkit/app-protocol v0.0.0-20190813161138-98896a6b9c67/go.mod h1:66+REnvMubqJ3o4jFTi7J94Qi3qIvyYdFLRJyteaF/s=
github.com/fieldkit/app-protocol v0.0.0-20190816175527-9f3871c59b13 h1:SD9MeotAOSdPqb0utGYa0zD/JIRWSVzkG4cz4/k0tyY=
github.com/fieldkit/app-protocol v0.0.0-20190816175527-9f3871c59b13/go.mod h1:66+REnvMubqJ3o4jFTi7J94Qi3qIvyYdFLRJyteaF/s=
github.com/fieldkit/app-protocol v0.0.0-20190823231649-c879371695bc h1:dzLSoj44uSmT6vrTsc9Bdj9e8Rk2bM9SnbyDyWh5w+U=
github.com/fieldkit/app-protocol v0.0.0-20190823231649-c879371695bc/go.mod h1:66+REnvMubqJ3o4jFTi7J94Qi3qIvyYdFLRJyteaF/s=
github.com/fieldkit/app-protocol v0.0.0-20190828174530-3b8e1982b28c h1:dF53dQblh2LmbhuTg+xjmnWaPlJyi9wRGu/nkWlnWvA=
github.com/fieldkit/app-protocol v0.0.0-20190828174530-3b8e1982b28c/go.mod h1:66+REnvMubqJ3o4jFTi7J94Qi3qIvyYdFLRJyteaF/s=
github.com/fieldkit/app-protocol v0.0.0-20190828175343-22f574514b70 h1:nxJ15pcUjZb51XU+0SaG+Sqtx31BV3JBmQKgBga2kaw=
github.com/fieldkit/app-protocol v0.0.0-20190828175343-22f574514b70/go.mod h1:66+REnvMubqJ3o4jFTi7J94Qi3qIvyYdFLRJyteaF/s=
github.com/fieldkit/atlas-protocol v0.0.0-20190223200237-93438b343cbb/go.mod h1:Q/2y8dvxA64Ni4AHv96Tqn/qwtZZXU2LBXuJ9ZlqCxs=
github.com/fieldkit/cloud v0.0.0-20190529183849-5426fab875ec/go.mod h1:3t/uXpAzdatC0wZ+NbO7cu5VhheO3l43o9egSygavw8=
github.com/fieldkit/data-protocol v0.0.0-20190801160434-f42e269cfc17 h1:5CA/2IgMY28dNq5tPlL5Xl8hVksrV3IOpAEdtyIObhQ=
github.com/fieldkit/data-protocol v0.0.0-20190801160434-f42e269cfc17/go.mod h1:Atpguegf5+RPc1NjBgZ3oukS3WAqckGBcLjdRJOvY6A=
github.com/fieldkit/data-protocol v0.0.0-20190816051220-4630e7bb9bb7 h1:fha4j9rtZmFyO50+4JVFjcTDbJcgegwXux8zB6dIyys=
github.com/fieldkit/data-protocol v0.0.0-20190816051220-4630e7bb9bb7/go.mod h1:Atpguegf5+RPc1NjBgZ3oukS3WAqckGBcLjdRJOvY6A=
github.com/fieldkit/data-protocol v0.0.0-20190820230419-9ec50e1aa169 h1:xTA0FrG0SI9kV3/sF35WeeVrBtXE53hOrX/zoPY1RDc=
github.com/fieldkit/data-protocol v0.0.0-20190820230419-9ec50e1aa169/go.mod h1:Atpguegf5+RPc1NjBgZ3oukS3WAqckGBcLjdRJOvY6A=
github.com/goadesign/goa v1.0.1-0.20171004030826-4cfe9e5eb207/go.mod h1:d/9lpuZBK7HFi/7O0oXfwvdoIl+nx2bwKqctZe/lQao=
github.com/golang/protobuf v1.2.0/go.mod h1:6lQm79b+lXiMfvg/cZm0SGofjICqVBUtrP5yJMmIC1U=
github.com/golang/protobuf v1.3.1 h1:YF8+flBXS5eO826T4nzqPrxfhQThhXl0YzfuUPu4SBg=
github.com/golang/protobuf v1.3.1/go.mod h1:6lQm79b+lXiMfvg/cZm0SGofjICqVBUtrP5yJMmIC1U=
github.com/grandcat/zeroconf v0.0.0-20190424104450-85eadb44205c h1:svzQzfVE9t7Y1CGULS5PsMWs4/H4Au/ZTJzU/0CKgqc=
github.com/grandcat/zeroconf v0.0.0-20190424104450-85eadb44205c/go.mod h1:YjKB0WsLXlMkO9p+wGTCoPIDGRJH0mz7E526PxkQVxI=
github.com/hashicorp/go-cleanhttp v0.5.0/go.mod h1:JpRdi6/HCYpAwUzNwuwqhbovhLtngrth3wmdIIUrZ80=
github.com/hashicorp/go-immutable-radix v1.0.0/go.mod h1:0y9vanUI8NX6FsYoO3zeMjhV/C5i9g4Q3DwcSNZ4P60=
github.com/hashicorp/go-retryablehttp v0.5.3/go.mod h1:9B5zBasrRhHXnJnui7y6sL7es7NDiJgTc6Er0maI1Xs=
github.com/hashicorp/go-uuid v1.0.0/go.mod h1:6SBZvOh/SIDV7/2o3Jml5SYk/TvGqwFJ/bN7x4byOro=
github.com/hashicorp/golang-lru v0.5.0/go.mod h1:/m3WP610KZHVQ1SGc6re/UDhFvYD7pJ4Ao+sR/qLZy8=
github.com/mattn/go-colorable v0.1.2/go.mod h1:U0ppj6V5qS13XJ6of8GYAs25YV2eR4EVcfRqFIhoBtE=
github.com/mattn/go-isatty v0.0.8/go.mod h1:Iq45c/XA43vh69/j3iqttzPXn0bhXyGjM0Hdxcsrc5s=
github.com/mattn/go-runewidth v0.0.4/go.mod h1:LwmH8dsx7+W8Uxz3IHJYH5QSwggIsqBzpuz5H//U1FU=
github.com/matttproud/golang_protobuf_extensions v1.0.1/go.mod h1:D8He9yQNgCq6Z5Ld7szi9bcBfOoFv/3dc6xSMkL2PC0=
github.com/miekg/dns v1.1.14 h1:wkQWn9wIp4mZbwW8XV6Km6owkvRPbOiV004ZM2CkGvA=
github.com/miekg/dns v1.1.14/go.mod h1:W1PPwlIAgtquWBMBEV9nkV9Cazfe8ScdGz/Lj7v3Nrg=
github.com/pascaldekloe/goe v0.1.0/go.mod h1:lzWF7FIEvWOWxwDKqyGYQf6ZUaNfKdP144TG7ZOy1lc=
github.com/pkg/errors v0.8.1 h1:iURUrRGxPUNPdy5/HRSm+Yj6okJ6UtLINN0Q9M4+h3I=
github.com/pkg/errors v0.8.1/go.mod h1:bwawxfHBFNV+L2hUp1rHADufV3IMtnDRdf1r5NINEl0=
github.com/pmezard/go-difflib v1.0.0/go.mod h1:iKH77koFhYxTK1pcRnkKkqfTogsbg7gZNVY4sRDYZ/4=
github.com/prometheus/client_golang v0.9.2/go.mod h1:OsXs2jCmiKlQ1lTBmv21f2mNfw4xf/QclQDMrYNZzcM=
github.com/prometheus/client_model v0.0.0-20180712105110-5c3871d89910/go.mod h1:MbSGuTsp3dbXC40dX6PRTWyKYBIrTGTE9sqQNg2J8bo=
github.com/prometheus/common v0.0.0-20181126121408-4724e9255275/go.mod h1:daVV7qP5qjZbuso7PdcryaAu0sAZbrN9i7WWcTMWvro=
github.com/prometheus/procfs v0.0.0-20181204211112-1dc9a6cbc91a/go.mod h1:c3At6R/oaqEKCNdg8wHV1ftS6bRYblBhIjjI8uT2IGk=
github.com/robinpowered/go-proto v0.0.0-20160614142341-85ea3e1f1d3d/go.mod h1:d9G6U8tjvYVZcE/1qlHJKjonWb1nEShiAByjvR3Kt/U=
github.com/satori/go.uuid v1.2.0/go.mod h1:dA0hQrYB0VpLJoorglMZABFdXlWrHn1NEOzdhQKdks0=
github.com/stretchr/objx v0.1.0/go.mod h1:HFkY916IF+rwdDfMAkV7OtwuqBVzrE8GR6GFx+wExME=
github.com/stretchr/testify v1.3.0/go.mod h1:M5WIy9Dh21IEIfnGCwXGc5bZfKNJtfHm1UVUgZn+9EI=
github.com/tv42/httpunix v0.0.0-20150427012821-b75d8614f926/go.mod h1:9ESjWnEqriFuLhtthL60Sar/7RFoluCcXsuvEwTV5KM=
golang.org/x/crypto v0.0.0-20190308221718-c2843e01d9a2 h1:VklqNMn3ovrHsnt90PveolxSbWFaJdECFbxSq0Mqo2M=
golang.org/x/crypto v0.0.0-20190308221718-c2843e01d9a2/go.mod h1:djNgcEr1/C05ACkg1iLfiJU5Ep61QUkGW8qpdssI0+w=
golang.org/x/net v0.0.0-20181201002055-351d144fa1fc/go.mod h1:mL1N/T3taQHkDXs73rZJwtUhF3w3ftmwwsq0BUmARs4=
golang.org/x/net v0.0.0-20190613194153-d28f0bde5980 h1:dfGZHvZk057jK2MCeWus/TowKpJ8y4AmooUzdBSR9GU=
golang.org/x/net v0.0.0-20190613194153-d28f0bde5980/go.mod h1:z5CRVTTTmAJ677TzLLGU+0bjPO0LkuOLi4/5GtJWs/s=
golang.org/x/sync v0.0.0-20181108010431-42b317875d0f/go.mod h1:RxMgew5VJxzue5/jJTE5uejpjVlOe/izrB70Jof72aM=
golang.org/x/sys v0.0.0-20190215142949-d0b11bdaac8a h1:1BGLXjeY4akVXGgbC9HugT3Jv3hCI0z56oJR5vAMgBU=
golang.org/x/sys v0.0.0-20190215142949-d0b11bdaac8a/go.mod h1:STP8DvDyc/dI5b8T5hshtkjS+E42TnysNCUPdjciGhY=
golang.org/x/sys v0.0.0-20190222072716-a9d3bda3a223/go.mod h1:STP8DvDyc/dI5b8T5hshtkjS+E42TnysNCUPdjciGhY=
golang.org/x/sys v0.0.0-20190529164535-6a60838ec259 h1:so6Hr/LodwSZ5UQDu/7PmQiDeS112WwtLvU3lpSPZTU=
golang.org/x/sys v0.0.0-20190529164535-6a60838ec259/go.mod h1:h1NjWce9XRLGQEsW7wpKNCjG9DtNlClVuFLEZdDNbEs=
golang.org/x/text v0.3.0/go.mod h1:NqM8EUOU14njkJ3fqMW+pc6Ldnwhi/IjpwHt7yyuwOQ=
gopkg.in/cheggaaa/pb.v1 v1.0.28/go.mod h1:V/YB90LKu/1FcN3WVnfiiE5oMCibMjukxqG/qStrOgw=
